# THIS IS AN AUTOGENERATED FILE. DO NOT EDIT THIS FILE DIRECTLY.
# yarn lockfile v1


react-image-gallery@^1.2.6:
  version "1.2.6"
  resolved "https://registry.yarnpkg.com/react-image-gallery/-/react-image-gallery-1.2.6.tgz#51cfa208191b505d612f1073e6a63cdb8e3df022"
  integrity sha512-+uL8RB3YrsXOtL95KY9oLWup2jww95qvvwsHOkRdV1SOImUO4qGuYh/0+M+vuqzBy7AB7G19+KhgucOPetn6+Q==
